Microsoft Visual Studio Solution File, Format Version 9.00
# Visual Studio 2005
Project("{F184B08F-C81C-45F6-A57F-5ABD9991F28F}") = "ULLOG03", "ULLOG03.vbproj", "{029E8E91-8427-4C4D-925A-1324488818C5}"
EndProject
Global
	GlobalSection(SolutionConfigurationPlatforms) = preSolution
		Debug|Any CPU = Debug|Any CPU
		Release|Any CPU = Release|Any CPU
	EndGlobalSection
	GlobalSection(ProjectConfigurationPlatforms) = postSolution
		{029E8E91-8427-4C4D-925A-1324488818C5}.Debug|Any CPU.ActiveCfg = Debug|Any CPU
		{029E8E91-8427-4C4D-925A-1324488818C5}.Debug|Any CPU.Build.0 = Debug|Any CPU
		{029E8E91-8427-4C4D-925A-1324488818C5}.Release|Any CPU.ActiveCfg = Release|Any CPU
		{029E8E91-8427-4C4D-925A-1324488818C5}.Release|Any CPU.Build.0 = Release|Any CPU
	EndGlobalSection
	GlobalSection(SolutionProperties) = preSolution
		HideSolutionNode = FALSE
	EndGlobalSection
EndGlobal
